
Microsoft Visual Studio Solution File, Format Version 12.00
# Visual Studio Version 17
VisualStudioVersion = 17.6.33829.357
MinimumVisualStudioVersion = 10.0.40219.1
Project("{FAE04EC0-301F-11D3-BF4B-00C04F79EFBC}") = "WebApplication1", "WebApplication1\WebApplication1.csproj", "{C104F332-A253-4C43-A00D-07E88D80CF4A}"
EndProject
Global
	GlobalSection(SolutionConfigurationPlatforms) = preSolution
		Debug|Any CPU = Debug|Any CPU
		Release|Any CPU = Release|Any CPU
	EndGlobalSection
	GlobalSection(ProjectConfigurationPlatforms) = postSolution
		{C104F332-A253-4C43-A00D-07E88D80CF4A}.Debug|Any CPU.ActiveCfg = Debug|Any CPU
		{C104F332-A253-4C43-A00D-07E88D80CF4A}.Debug|Any CPU.Build.0 = Debug|Any CPU
		{C104F332-A253-4C43-A00D-07E88D80CF4A}.Release|Any CPU.ActiveCfg = Release|Any CPU
		{C104F332-A253-4C43-A00D-07E88D80CF4A}.Release|Any CPU.Build.0 = Release|Any CPU
	EndGlobalSection
	GlobalSection(SolutionProperties) = preSolution
		HideSolutionNode = FALSE
	EndGlobalSection
	GlobalSection(ExtensibilityGlobals) = postSolution
		SolutionGuid = {DA56857E-46E8-4061-A068-4047CA7758CC}
	EndGlobalSection
EndGlobal
